# THIS IS AN AUTOGENERATED FILE. DO NOT EDIT THIS FILE DIRECTLY.
# yarn lockfile v1


"@dcloudio/uni-ui@^1.0.9":
  version "1.0.9"
  resolved "https://registry.npm.taobao.org/@dcloudio/uni-ui/download/@dcloudio/uni-ui-1.0.9.tgz#b6195dd30d1ba84e6ab8d5480cd95edc8dee5715"
  integrity sha1-thld0w0bqE5quNVIDNle3I3uVxU=
